
Microsoft Visual Studio Solution File, Format Version 12.00
# Visual Studio 15
VisualStudioVersion = 15.0.27703.1
MinimumVisualStudioVersion = 10.0.40219.1
Project("{FAE04EC0-301F-11D3-BF4B-00C04F79EFBC}") = "graph_theory_example", "graph_theory_example\graph_theory_example.csproj", "{A25C6FB0-CB76-4D18-9EED-EF8071B3923B}"
EndProject
Global
	GlobalSection(SolutionConfigurationPlatforms) = preSolution
		Debug|Any CPU = Debug|Any CPU
		Release|Any CPU = Release|Any CPU
	EndGlobalSection
	GlobalSection(ProjectConfigurationPlatforms) = postSolution
		{A25C6FB0-CB76-4D18-9EED-EF8071B3923B}.Debug|Any CPU.ActiveCfg = Debug|Any CPU
		{A25C6FB0-CB76-4D18-9EED-EF8071B3923B}.Debug|Any CPU.Build.0 = Debug|Any CPU
		{A25C6FB0-CB76-4D18-9EED-EF8071B3923B}.Release|Any CPU.ActiveCfg = Release|Any CPU
		{A25C6FB0-CB76-4D18-9EED-EF8071B3923B}.Release|Any CPU.Build.0 = Release|Any CPU
	EndGlobalSection
	GlobalSection(SolutionProperties) = preSolution
		HideSolutionNode = FALSE
	EndGlobalSection
	GlobalSection(ExtensibilityGlobals) = postSolution
		SolutionGuid = {993597DB-911D-4B86-8522-F4ADAC075EA0}
	EndGlobalSection
EndGlobal
